
Microsoft Visual Studio Solution File, Format Version 12.00
# Visual Studio Version 17
VisualStudioVersion = 17.3.32825.248
MinimumVisualStudioVersion = 10.0.40219.1
Project("{8BC9CEB8-8B4A-11D0-8D11-00A0C91BC942}") = "PR8", "PR8\PR8.vcxproj", "{93A5CE0C-9AE0-4C7E-8A4A-C314EA80DEFE}"
EndProject
Global
	GlobalSection(SolutionConfigurationPlatforms) = preSolution
		Debug|x64 = Debug|x64
		Debug|x86 = Debug|x86
		Release|x64 = Release|x64
		Release|x86 = Release|x86
	EndGlobalSection
	GlobalSection(ProjectConfigurationPlatforms) = postSolution
		{93A5CE0C-9AE0-4C7E-8A4A-C314EA80DEFE}.Debug|x64.ActiveCfg = Debug|x64
		{93A5CE0C-9AE0-4C7E-8A4A-C314EA80DEFE}.Debug|x64.Build.0 = Debug|x64
		{93A5CE0C-9AE0-4C7E-8A4A-C314EA80DEFE}.Debug|x86.ActiveCfg = Debug|Win32
		{93A5CE0C-9AE0-4C7E-8A4A-C314EA80DEFE}.Debug|x86.Build.0 = Debug|Win32
		{93A5CE0C-9AE0-4C7E-8A4A-C314EA80DEFE}.Release|x64.ActiveCfg = Release|x64
		{93A5CE0C-9AE0-4C7E-8A4A-C314EA80DEFE}.Release|x64.Build.0 = Release|x64
		{93A5CE0C-9AE0-4C7E-8A4A-C314EA80DEFE}.Release|x86.ActiveCfg = Release|Win32
		{93A5CE0C-9AE0-4C7E-8A4A-C314EA80DEFE}.Release|x86.Build.0 = Release|Win32
	EndGlobalSection
	GlobalSection(SolutionProperties) = preSolution
		HideSolutionNode = FALSE
	EndGlobalSection
	GlobalSection(ExtensibilityGlobals) = postSolution
		SolutionGuid = {DC760B9A-DF1F-4B69-86FF-0CC16FCA10E5}
	EndGlobalSection
EndGlobal
